
Microsoft Visual Studio Solution File, Format Version 12.00
# Visual Studio Version 17
VisualStudioVersion = 17.10.35122.118
MinimumVisualStudioVersion = 10.0.40219.1
Project("{FAE04EC0-301F-11D3-BF4B-00C04F79EFBC}") = "ECommerceMVC", "ECommerceMVC.csproj", "{62FE71DF-F60D-4B18-A350-8A930C66DE96}"
EndProject
Global
	GlobalSection(SolutionConfigurationPlatforms) = preSolution
		Debug|Any CPU = Debug|Any CPU
		Release|Any CPU = Release|Any CPU
	EndGlobalSection
	GlobalSection(ProjectConfigurationPlatforms) = postSolution
		{62FE71DF-F60D-4B18-A350-8A930C66DE96}.Debug|Any CPU.ActiveCfg = Debug|Any CPU
		{62FE71DF-F60D-4B18-A350-8A930C66DE96}.Debug|Any CPU.Build.0 = Debug|Any CPU
		{62FE71DF-F60D-4B18-A350-8A930C66DE96}.Release|Any CPU.ActiveCfg = Release|Any CPU
		{62FE71DF-F60D-4B18-A350-8A930C66DE96}.Release|Any CPU.Build.0 = Release|Any CPU
	EndGlobalSection
	GlobalSection(SolutionProperties) = preSolution
		HideSolutionNode = FALSE
	EndGlobalSection
	GlobalSection(ExtensibilityGlobals) = postSolution
		SolutionGuid = {C0CC3DF9-7AAD-46B5-B080-6ED3EA3EAF13}
	EndGlobalSection
EndGlobal
